<Solution>
  <Project Path="src/m3/Foundation/A0CameraStitcher.M3.Foundation.csproj" />
  <Project Path="src/m3/OperatorShell/A0CameraStitcher.M3.OperatorShell.csproj" />
  <Project Path="tests/m3/FoundationTests/A0CameraStitcher.M3.FoundationTests.csproj" />
  <Project Path="tests/m3/OperatorShellTests/A0CameraStitcher.M3.OperatorShellTests.csproj" />
</Solution>
